
Microsoft Visual Studio Solution File, Format Version 12.00
# Visual Studio Version 17
VisualStudioVersion = 17.13.35825.156
MinimumVisualStudioVersion = 10.0.40219.1
Project("{FAE04EC0-301F-11D3-BF4B-00C04F79EFBC}") = "ADO NET 01. SQLConnection, SQLDataReader", "ADO NET 01. SQLConnection, SQLDataReader\ADO NET 01. SQLConnection, SQLDataReader.csproj", "{EB6155B1-C743-4570-9E22-A00DB60FD5F5}"
EndProject
Project("{2150E333-8FDC-42A3-9474-1A3956D46DE8}") = "ADO NET 01", "ADO NET 01", "{02EA681E-C7D8-13C7-8484-4AC65E1B71E8}"
EndProject
Project("{FAE04EC0-301F-11D3-BF4B-00C04F79EFBC}") = "ADO NET 01. Sql Read Data", "ADO NET 01. Sql Read Data\ADO NET 01. Sql Read Data.csproj", "{A7EE9078-8624-4134-BE10-5F001FB64CEB}"
EndProject
Project("{2150E333-8FDC-42A3-9474-1A3956D46DE8}") = "ADO NET 02", "ADO NET 02", "{A204CD66-016E-4632-B3C9-B1B77F21D7DA}"
EndProject
Project("{FAE04EC0-301F-11D3-BF4B-00C04F79EFBC}") = "ADO NET 02. Configuration file", "ADO NET 02. Configuration file\ADO NET 02. Configuration file.csproj", "{37493DF2-9394-458B-ACC4-3EA30BC7538F}"
EndProject
Project("{FAE04EC0-301F-11D3-BF4B-00C04F79EFBC}") = "ADO NET 02. Multi Query", "ADO NET 02. Multi Query\ADO NET 02. Multi Query.csproj", "{6ACAC2DD-7214-4555-8E8D-41E0CD588340}"
EndProject
Project("{FAE04EC0-301F-11D3-BF4B-00C04F79EFBC}") = "ADO NET 02. Parametrized query", "ADO NET 02. Parametrized query\ADO NET 02. Parametrized query.csproj", "{FD65911E-33B1-4A56-AF2F-6011E8E87A2D}"
EndProject
Project("{FAE04EC0-301F-11D3-BF4B-00C04F79EFBC}") = "ADO NET 02. Stored Procedure execute", "ADO NET 02. Stored Procedure execute\ADO NET 02. Stored Procedure execute.csproj", "{0178072F-7825-458F-A138-DBFB02771987}"
EndProject
Project("{2150E333-8FDC-42A3-9474-1A3956D46DE8}") = "ADO NET 03", "ADO NET 03", "{56E45609-2648-4ADA-8A61-5F1D1A697E14}"
EndProject
Project("{FAE04EC0-301F-11D3-BF4B-00C04F79EFBC}") = "ADO NET 03. EF Core", "ADO NET 03. EF Core\ADO NET 03. EF Core.csproj", "{B1E499D6-657F-41D1-80BA-1E0EF3089E71}"
EndProject
Project("{FAE04EC0-301F-11D3-BF4B-00C04F79EFBC}") = "ADO 03. Database First", "ADO 03. Database First\ADO 03. Database First.csproj", "{230BB796-BDE5-439E-B662-85DDC684D6CB}"
EndProject
Project("{FAE04EC0-301F-11D3-BF4B-00C04F79EFBC}") = "ADO NET 03. Database First Scaffolding", "ADO NET 03. Database First Scaffolding\ADO NET 03. Database First Scaffolding.csproj", "{31D6DDCD-AD55-4417-BC05-2C6B9B00D9BC}"
EndProject
Project("{2150E333-8FDC-42A3-9474-1A3956D46DE8}") = "ADO NET 04", "ADO NET 04", "{7D5EE79E-B48F-4322-9CF5-17D00AA2909B}"
EndProject
Project("{FAE04EC0-301F-11D3-BF4B-00C04F79EFBC}") = "ADO NET 04. LINQ For Entity", "ADO NET 04. LINQ For Entity\ADO NET 04. LINQ For Entity.csproj", "{D6AE735B-E3CE-4C75-BE36-9F970B31A7C0}"
EndProject
Project("{FAE04EC0-301F-11D3-BF4B-00C04F79EFBC}") = "ADO 04. MSSQL Datatypes VS C# Datatypes", "ADO 04. MSSQL Datatypes VS C# Datatypes\ADO 04. MSSQL Datatypes VS C# Datatypes.csproj", "{C5C51C01-578D-4C13-A731-D4A3B11B382A}"
EndProject
Project("{FAE04EC0-301F-11D3-BF4B-00C04F79EFBC}") = "ADO NET 04. Code First. One to One", "ADO NET 04. Code First. One to One\ADO NET 04. Code First. One to One.csproj", "{E3E2E96F-CD83-4EC6-AD78-91FDAF5F1303}"
EndProject
Project("{FAE04EC0-301F-11D3-BF4B-00C04F79EFBC}") = "ADO NET 04. Code First. One to Many", "ADO NET 04. Code First. One to Many\ADO NET 04. Code First. One to Many.csproj", "{2A759493-77D6-4AB2-9E26-97DDEEA4AB09}"
EndProject
Project("{2150E333-8FDC-42A3-9474-1A3956D46DE8}") = "ADO NET 05", "ADO NET 05", "{1A4B4C5F-C081-47F3-97BB-FE825F091531}"
EndProject
Project("{FAE04EC0-301F-11D3-BF4B-00C04F79EFBC}") = "ADO NET 05. Code First. Many to Many", "ADO NET 04. Code First. Many to Many\ADO NET 05. Code First. Many to Many.csproj", "{D6FFC199-8B1F-4563-A8B9-285FAB24F5CF}"
EndProject
Project("{FAE04EC0-301F-11D3-BF4B-00C04F79EFBC}") = "ADO NET 05. Annotations", "ADO NET 05. Annotations\ADO NET 05. Annotations.csproj", "{A218B10F-D7D6-4CBD-B539-E1B2A01E14E8}"
EndProject
Project("{FAE04EC0-301F-11D3-BF4B-00C04F79EFBC}") = "ADO NET 05. Fluent API", "ADO NET 05. Fluent API\ADO NET 05. Fluent API.csproj", "{5183736D-D63A-491D-B18D-504093935814}"
EndProject
Project("{2150E333-8FDC-42A3-9474-1A3956D46DE8}") = "ADO NET 06", "ADO NET 06", "{12FEAE48-E1E8-4625-A1F3-2F59C15B2E9A}"
EndProject
Project("{FAE04EC0-301F-11D3-BF4B-00C04F79EFBC}") = "ADO NET 06. Migrations", "ADO NET 06. Migrations\ADO NET 06. Migrations.csproj", "{CC9433BF-EA1A-4BFE-8205-A843DC42D5E4}"
EndProject
Project("{FAE04EC0-301F-11D3-BF4B-00C04F79EFBC}") = "ADO NET 06. Loadings. Eager Loading", "ADO NET 06. Loadings. Eager Loading\ADO NET 06. Loadings. Eager Loading.csproj", "{D29B207F-0C14-4190-9AED-A55D83E0173E}"
EndProject
Project("{FAE04EC0-301F-11D3-BF4B-00C04F79EFBC}") = "ADO NET 06. Loadings. Eager Loaiding Library", "ADO NET 06. Loadings. Eager Loaiding Library\ADO NET 06. Loadings. Eager Loaiding Library.csproj", "{004C3E49-634D-417C-9D7F-99718FE14A3F}"
EndProject
Project("{2150E333-8FDC-42A3-9474-1A3956D46DE8}") = "ADO NET 07", "ADO NET 07", "{589672A9-3A21-4E60-B3F8-2AA3FEB6E5F4}"
EndProject
Project("{FAE04EC0-301F-11D3-BF4B-00C04F79EFBC}") = "ADO NET 07. Loadings. Explicit loading", "ADO NET 07. Loadings. Explicit loading\ADO NET 07. Loadings. Explicit loading.csproj", "{34C3202B-2967-4C12-8DA8-279C4CC9C701}"
EndProject
Project("{FAE04EC0-301F-11D3-BF4B-00C04F79EFBC}") = "ADO NET 07. Loadings. Lazy Loading", "ADO NET 07. Loadings. Lazy Loading\ADO NET 07. Loadings. Lazy Loading.csproj", "{FC49A93B-A0AC-4D5C-956A-4E8644268520}"
EndProject
Project("{2150E333-8FDC-42A3-9474-1A3956D46DE8}") = "ADO NET 08", "ADO NET 08", "{A41822D4-169B-4D78-A627-0D0C4B61C183}"
EndProject
Project("{FAE04EC0-301F-11D3-BF4B-00C04F79EFBC}") = "ADO NET 08. Dapper ORM", "ADO NET 08. Dapper ORM\ADO NET 08. Dapper ORM.csproj", "{13036BF6-B8EE-4D34-9EFC-36C093586D6A}"
EndProject
Global
	GlobalSection(SolutionConfigurationPlatforms) = preSolution
		Debug|Any CPU = Debug|Any CPU
		Release|Any CPU = Release|Any CPU
	EndGlobalSection
	GlobalSection(ProjectConfigurationPlatforms) = postSolution
		{EB6155B1-C743-4570-9E22-A00DB60FD5F5}.Debug|Any CPU.ActiveCfg = Debug|Any CPU
		{EB6155B1-C743-4570-9E22-A00DB60FD5F5}.Debug|Any CPU.Build.0 = Debug|Any CPU
		{EB6155B1-C743-4570-9E22-A00DB60FD5F5}.Release|Any CPU.ActiveCfg = Release|Any CPU
		{EB6155B1-C743-4570-9E22-A00DB60FD5F5}.Release|Any CPU.Build.0 = Release|Any CPU
		{A7EE9078-8624-4134-BE10-5F001FB64CEB}.Debug|Any CPU.ActiveCfg = Debug|Any CPU
		{A7EE9078-8624-4134-BE10-5F001FB64CEB}.Debug|Any CPU.Build.0 = Debug|Any CPU
		{A7EE9078-8624-4134-BE10-5F001FB64CEB}.Release|Any CPU.ActiveCfg = Release|Any CPU
		{A7EE9078-8624-4134-BE10-5F001FB64CEB}.Release|Any CPU.Build.0 = Release|Any CPU
		{37493DF2-9394-458B-ACC4-3EA30BC7538F}.Debug|Any CPU.ActiveCfg = Debug|Any CPU
		{37493DF2-9394-458B-ACC4-3EA30BC7538F}.Debug|Any CPU.Build.0 = Debug|Any CPU
		{37493DF2-9394-458B-ACC4-3EA30BC7538F}.Release|Any CPU.ActiveCfg = Release|Any CPU
		{37493DF2-9394-458B-ACC4-3EA30BC7538F}.Release|Any CPU.Build.0 = Release|Any CPU
		{6ACAC2DD-7214-4555-8E8D-41E0CD588340}.Debug|Any CPU.ActiveCfg = Debug|Any CPU
		{6ACAC2DD-7214-4555-8E8D-41E0CD588340}.Debug|Any CPU.Build.0 = Debug|Any CPU
		{6ACAC2DD-7214-4555-8E8D-41E0CD588340}.Release|Any CPU.ActiveCfg = Release|Any CPU
		{6ACAC2DD-7214-4555-8E8D-41E0CD588340}.Release|Any CPU.Build.0 = Release|Any CPU
		{FD65911E-33B1-4A56-AF2F-6011E8E87A2D}.Debug|Any CPU.ActiveCfg = Debug|Any CPU
		{FD65911E-33B1-4A56-AF2F-6011E8E87A2D}.Debug|Any CPU.Build.0 = Debug|Any CPU
		{FD65911E-33B1-4A56-AF2F-6011E8E87A2D}.Release|Any CPU.ActiveCfg = Release|Any CPU
		{FD65911E-33B1-4A56-AF2F-6011E8E87A2D}.Release|Any CPU.Build.0 = Release|Any CPU
		{0178072F-7825-458F-A138-DBFB02771987}.Debug|Any CPU.ActiveCfg = Debug|Any CPU
		{0178072F-7825-458F-A138-DBFB02771987}.Debug|Any CPU.Build.0 = Debug|Any CPU
		{0178072F-7825-458F-A138-DBFB02771987}.Release|Any CPU.ActiveCfg = Release|Any CPU
		{0178072F-7825-458F-A138-DBFB02771987}.Release|Any CPU.Build.0 = Release|Any CPU
		{B1E499D6-657F-41D1-80BA-1E0EF3089E71}.Debug|Any CPU.ActiveCfg = Debug|Any CPU
		{B1E499D6-657F-41D1-80BA-1E0EF3089E71}.Debug|Any CPU.Build.0 = Debug|Any CPU
		{B1E499D6-657F-41D1-80BA-1E0EF3089E71}.Release|Any CPU.ActiveCfg = Release|Any CPU
		{B1E499D6-657F-41D1-80BA-1E0EF3089E71}.Release|Any CPU.Build.0 = Release|Any CPU
		{230BB796-BDE5-439E-B662-85DDC684D6CB}.Debug|Any CPU.ActiveCfg = Debug|Any CPU
		{230BB796-BDE5-439E-B662-85DDC684D6CB}.Debug|Any CPU.Build.0 = Debug|Any CPU
		{230BB796-BDE5-439E-B662-85DDC684D6CB}.Release|Any CPU.ActiveCfg = Release|Any CPU
		{230BB796-BDE5-439E-B662-85DDC684D6CB}.Release|Any CPU.Build.0 = Release|Any CPU
		{31D6DDCD-AD55-4417-BC05-2C6B9B00D9BC}.Debug|Any CPU.ActiveCfg = Debug|Any CPU
		{31D6DDCD-AD55-4417-BC05-2C6B9B00D9BC}.Debug|Any CPU.Build.0 = Debug|Any CPU
		{31D6DDCD-AD55-4417-BC05-2C6B9B00D9BC}.Release|Any CPU.ActiveCfg = Release|Any CPU
		{31D6DDCD-AD55-4417-BC05-2C6B9B00D9BC}.Release|Any CPU.Build.0 = Release|Any CPU
		{D6AE735B-E3CE-4C75-BE36-9F970B31A7C0}.Debug|Any CPU.ActiveCfg = Debug|Any CPU
		{D6AE735B-E3CE-4C75-BE36-9F970B31A7C0}.Debug|Any CPU.Build.0 = Debug|Any CPU
		{D6AE735B-E3CE-4C75-BE36-9F970B31A7C0}.Release|Any CPU.ActiveCfg = Release|Any CPU
		{D6AE735B-E3CE-4C75-BE36-9F970B31A7C0}.Release|Any CPU.Build.0 = Release|Any CPU
		{C5C51C01-578D-4C13-A731-D4A3B11B382A}.Debug|Any CPU.ActiveCfg = Debug|Any CPU
		{C5C51C01-578D-4C13-A731-D4A3B11B382A}.Debug|Any CPU.Build.0 = Debug|Any CPU
		{C5C51C01-578D-4C13-A731-D4A3B11B382A}.Release|Any CPU.ActiveCfg = Release|Any CPU
		{C5C51C01-578D-4C13-A731-D4A3B11B382A}.Release|Any CPU.Build.0 = Release|Any CPU
		{E3E2E96F-CD83-4EC6-AD78-91FDAF5F1303}.Debug|Any CPU.ActiveCfg = Debug|Any CPU
		{E3E2E96F-CD83-4EC6-AD78-91FDAF5F1303}.Debug|Any CPU.Build.0 = Debug|Any CPU
		{E3E2E96F-CD83-4EC6-AD78-91FDAF5F1303}.Release|Any CPU.ActiveCfg = Release|Any CPU
		{E3E2E96F-CD83-4EC6-AD78-91FDAF5F1303}.Release|Any CPU.Build.0 = Release|Any CPU
		{2A759493-77D6-4AB2-9E26-97DDEEA4AB09}.Debug|Any CPU.ActiveCfg = Debug|Any CPU
		{2A759493-77D6-4AB2-9E26-97DDEEA4AB09}.Debug|Any CPU.Build.0 = Debug|Any CPU
		{2A759493-77D6-4AB2-9E26-97DDEEA4AB09}.Release|Any CPU.ActiveCfg = Release|Any CPU
		{2A759493-77D6-4AB2-9E26-97DDEEA4AB09}.Release|Any CPU.Build.0 = Release|Any CPU
		{D6FFC199-8B1F-4563-A8B9-285FAB24F5CF}.Debug|Any CPU.ActiveCfg = Debug|Any CPU
		{D6FFC199-8B1F-4563-A8B9-285FAB24F5CF}.Debug|Any CPU.Build.0 = Debug|Any CPU
		{D6FFC199-8B1F-4563-A8B9-285FAB24F5CF}.Release|Any CPU.ActiveCfg = Release|Any CPU
		{D6FFC199-8B1F-4563-A8B9-285FAB24F5CF}.Release|Any CPU.Build.0 = Release|Any CPU
		{A218B10F-D7D6-4CBD-B539-E1B2A01E14E8}.Debug|Any CPU.ActiveCfg = Debug|Any CPU
		{A218B10F-D7D6-4CBD-B539-E1B2A01E14E8}.Debug|Any CPU.Build.0 = Debug|Any CPU
		{A218B10F-D7D6-4CBD-B539-E1B2A01E14E8}.Release|Any CPU.ActiveCfg = Release|Any CPU
		{A218B10F-D7D6-4CBD-B539-E1B2A01E14E8}.Release|Any CPU.Build.0 = Release|Any CPU
		{5183736D-D63A-491D-B18D-504093935814}.Debug|Any CPU.ActiveCfg = Debug|Any CPU
		{5183736D-D63A-491D-B18D-504093935814}.Debug|Any CPU.Build.0 = Debug|Any CPU
		{5183736D-D63A-491D-B18D-504093935814}.Release|Any CPU.ActiveCfg = Release|Any CPU
		{5183736D-D63A-491D-B18D-504093935814}.Release|Any CPU.Build.0 = Release|Any CPU
		{CC9433BF-EA1A-4BFE-8205-A843DC42D5E4}.Debug|Any CPU.ActiveCfg = Debug|Any CPU
		{CC9433BF-EA1A-4BFE-8205-A843DC42D5E4}.Debug|Any CPU.Build.0 = Debug|Any CPU
		{CC9433BF-EA1A-4BFE-8205-A843DC42D5E4}.Release|Any CPU.ActiveCfg = Release|Any CPU
		{CC9433BF-EA1A-4BFE-8205-A843DC42D5E4}.Release|Any CPU.Build.0 = Release|Any CPU
		{D29B207F-0C14-4190-9AED-A55D83E0173E}.Debug|Any CPU.ActiveCfg = Debug|Any CPU
		{D29B207F-0C14-4190-9AED-A55D83E0173E}.Debug|Any CPU.Build.0 = Debug|Any CPU
		{D29B207F-0C14-4190-9AED-A55D83E0173E}.Release|Any CPU.ActiveCfg = Release|Any CPU
		{D29B207F-0C14-4190-9AED-A55D83E0173E}.Release|Any CPU.Build.0 = Release|Any CPU
		{004C3E49-634D-417C-9D7F-99718FE14A3F}.Debug|Any CPU.ActiveCfg = Debug|Any CPU
		{004C3E49-634D-417C-9D7F-99718FE14A3F}.Debug|Any CPU.Build.0 = Debug|Any CPU
		{004C3E49-634D-417C-9D7F-99718FE14A3F}.Release|Any CPU.ActiveCfg = Release|Any CPU
		{004C3E49-634D-417C-9D7F-99718FE14A3F}.Release|Any CPU.Build.0 = Release|Any CPU
		{34C3202B-2967-4C12-8DA8-279C4CC9C701}.Debug|Any CPU.ActiveCfg = Debug|Any CPU
		{34C3202B-2967-4C12-8DA8-279C4CC9C701}.Debug|Any CPU.Build.0 = Debug|Any CPU
		{34C3202B-2967-4C12-8DA8-279C4CC9C701}.Release|Any CPU.ActiveCfg = Release|Any CPU
		{34C3202B-2967-4C12-8DA8-279C4CC9C701}.Release|Any CPU.Build.0 = Release|Any CPU
		{FC49A93B-A0AC-4D5C-956A-4E8644268520}.Debug|Any CPU.ActiveCfg = Debug|Any CPU
		{FC49A93B-A0AC-4D5C-956A-4E8644268520}.Debug|Any CPU.Build.0 = Debug|Any CPU
		{FC49A93B-A0AC-4D5C-956A-4E8644268520}.Release|Any CPU.ActiveCfg = Release|Any CPU
		{FC49A93B-A0AC-4D5C-956A-4E8644268520}.Release|Any CPU.Build.0 = Release|Any CPU
		{13036BF6-B8EE-4D34-9EFC-36C093586D6A}.Debug|Any CPU.ActiveCfg = Debug|Any CPU
		{13036BF6-B8EE-4D34-9EFC-36C093586D6A}.Debug|Any CPU.Build.0 = Debug|Any CPU
		{13036BF6-B8EE-4D34-9EFC-36C093586D6A}.Release|Any CPU.ActiveCfg = Release|Any CPU
		{13036BF6-B8EE-4D34-9EFC-36C093586D6A}.Release|Any CPU.Build.0 = Release|Any CPU
	EndGlobalSection
	GlobalSection(SolutionProperties) = preSolution
		HideSolutionNode = FALSE
	EndGlobalSection
	GlobalSection(NestedProjects) = preSolution
		{EB6155B1-C743-4570-9E22-A00DB60FD5F5} = {02EA681E-C7D8-13C7-8484-4AC65E1B71E8}
		{A7EE9078-8624-4134-BE10-5F001FB64CEB} = {02EA681E-C7D8-13C7-8484-4AC65E1B71E8}
		{37493DF2-9394-458B-ACC4-3EA30BC7538F} = {A204CD66-016E-4632-B3C9-B1B77F21D7DA}
		{6ACAC2DD-7214-4555-8E8D-41E0CD588340} = {A204CD66-016E-4632-B3C9-B1B77F21D7DA}
		{FD65911E-33B1-4A56-AF2F-6011E8E87A2D} = {A204CD66-016E-4632-B3C9-B1B77F21D7DA}
		{0178072F-7825-458F-A138-DBFB02771987} = {A204CD66-016E-4632-B3C9-B1B77F21D7DA}
		{B1E499D6-657F-41D1-80BA-1E0EF3089E71} = {56E45609-2648-4ADA-8A61-5F1D1A697E14}
		{230BB796-BDE5-439E-B662-85DDC684D6CB} = {56E45609-2648-4ADA-8A61-5F1D1A697E14}
		{31D6DDCD-AD55-4417-BC05-2C6B9B00D9BC} = {56E45609-2648-4ADA-8A61-5F1D1A697E14}
		{D6AE735B-E3CE-4C75-BE36-9F970B31A7C0} = {7D5EE79E-B48F-4322-9CF5-17D00AA2909B}
		{C5C51C01-578D-4C13-A731-D4A3B11B382A} = {7D5EE79E-B48F-4322-9CF5-17D00AA2909B}
		{E3E2E96F-CD83-4EC6-AD78-91FDAF5F1303} = {7D5EE79E-B48F-4322-9CF5-17D00AA2909B}
		{2A759493-77D6-4AB2-9E26-97DDEEA4AB09} = {7D5EE79E-B48F-4322-9CF5-17D00AA2909B}
		{D6FFC199-8B1F-4563-A8B9-285FAB24F5CF} = {1A4B4C5F-C081-47F3-97BB-FE825F091531}
		{A218B10F-D7D6-4CBD-B539-E1B2A01E14E8} = {1A4B4C5F-C081-47F3-97BB-FE825F091531}
		{5183736D-D63A-491D-B18D-504093935814} = {1A4B4C5F-C081-47F3-97BB-FE825F091531}
		{CC9433BF-EA1A-4BFE-8205-A843DC42D5E4} = {12FEAE48-E1E8-4625-A1F3-2F59C15B2E9A}
		{D29B207F-0C14-4190-9AED-A55D83E0173E} = {12FEAE48-E1E8-4625-A1F3-2F59C15B2E9A}
		{004C3E49-634D-417C-9D7F-99718FE14A3F} = {12FEAE48-E1E8-4625-A1F3-2F59C15B2E9A}
		{34C3202B-2967-4C12-8DA8-279C4CC9C701} = {589672A9-3A21-4E60-B3F8-2AA3FEB6E5F4}
		{FC49A93B-A0AC-4D5C-956A-4E8644268520} = {589672A9-3A21-4E60-B3F8-2AA3FEB6E5F4}
		{13036BF6-B8EE-4D34-9EFC-36C093586D6A} = {A41822D4-169B-4D78-A627-0D0C4B61C183}
	EndGlobalSection
	GlobalSection(ExtensibilityGlobals) = postSolution
		SolutionGuid = {12A45463-892C-4CC0-A5A8-ECF216CB67EC}
	EndGlobalSection
EndGlobal
